
Microsoft Visual Studio Solution File, Format Version 12.00
# Visual Studio Version 16
VisualStudioVersion = 16.0.30104.148
MinimumVisualStudioVersion = 10.0.40219.1
Project("{FAE04EC0-301F-11D3-BF4B-00C04F79EFBC}") = "Factorial Calculator", "Factorial Calculator\Factorial Calculator.csproj", "{DCED2CF3-F919-456D-934B-7B05E7982F34}"
EndProject
Global
	GlobalSection(SolutionConfigurationPlatforms) = preSolution
		Debug|Any CPU = Debug|Any CPU
		Release|Any CPU = Release|Any CPU
	EndGlobalSection
	GlobalSection(ProjectConfigurationPlatforms) = postSolution
		{DCED2CF3-F919-456D-934B-7B05E7982F34}.Debug|Any CPU.ActiveCfg = Debug|Any CPU
		{DCED2CF3-F919-456D-934B-7B05E7982F34}.Debug|Any CPU.Build.0 = Debug|Any CPU
		{DCED2CF3-F919-456D-934B-7B05E7982F34}.Release|Any CPU.ActiveCfg = Release|Any CPU
		{DCED2CF3-F919-456D-934B-7B05E7982F34}.Release|Any CPU.Build.0 = Release|Any CPU
	EndGlobalSection
	GlobalSection(SolutionProperties) = preSolution
		HideSolutionNode = FALSE
	EndGlobalSection
	GlobalSection(ExtensibilityGlobals) = postSolution
		SolutionGuid = {6419FB7A-9313-48B0-9354-AE07F52C4126}
	EndGlobalSection
EndGlobal
